// !$*UTF8*$!
{
	archiveVersion = 1;
	classes = {
	};
	objectVersion = 50;
	objects = {

/* Begin PBXBuildFile section */
		86E05DCC210B686F00DC0D39 /* AppDelegate.swift in Sources */ = {isa = PBXBuildFile; fileRef = 86E05DCB210B686F00DC0D39 /* AppDelegate.swift */; };
		86E05DCE210B686F00DC0D39 /* ViewController.swift in Sources */ = {isa = PBXBuildFile; fileRef = 86E05DCD210B686F00DC0D39 /* ViewController.swift */; };
		86E05DD4210B686F00DC0D39 /* Final_Project.xcdatamodeld in Sources */ = {isa = PBXBuildFile; fileRef = 86E05DD2210B686F00DC0D39 /* Final_Project.xcdatamodeld */; };
		86E05DD6210B687000DC0D39 /* Assets.xcassets in Resources */ = {isa = PBXBuildFile; fileRef = 86E05DD5210B687000DC0D39 /* Assets.xcassets */; };
		86E05DE4210B687000DC0D39 /* Final_ProjectTests.swift in Sources */ = {isa = PBXBuildFile; fileRef = 86E05DE3210B687000DC0D39 /* Final_ProjectTests.swift */; };
		86E05DEF210B687000DC0D39 /* Final_ProjectUITests.swift in Sources */ = {isa = PBXBuildFile; fileRef = 86E05DEE210B687000DC0D39 /* Final_ProjectUITests.swift */; };
		86E05DFD210B68B700DC0D39 /* Main.storyboard in Resources */ = {isa = PBXBuildFile; fileRef = 86E05DFC210B68B700DC0D39 /* Main.storyboard */; };
		86E05DFF210B68CA00DC0D39 /* LaunchScreen.storyboard in Resources */ = {isa = PBXBuildFile; fileRef = 86E05DFE210B68CA00DC0D39 /* LaunchScreen.storyboard */; };
/* End PBXBuildFile section */

/* Begin PBXContainerItemProxy section */
		86E05DE0210B687000DC0D39 /* PBXContainerItemProxy */ = {
			isa = PBXContainerItemProxy;
			containerPortal = 86E05DC0210B686F00DC0D39 /* Project object */;
			proxyType = 1;
			remoteGlobalIDString = 86E05DC7210B686F00DC0D39;
			remoteInfo = "Final Project";
		};
		86E05DEB210B687000DC0D39 /* PBXContainerItemProxy */ = {
			isa = PBXContainerItemProxy;
			containerPortal = 86E05DC0210B686F00DC0D39 /* Project object */;
			proxyType = 1;
			remoteGlobalIDString = 86E05DC7210B686F00DC0D39;
			remoteInfo = "Final Project";
		};
/* End PBXContainerItemProxy section */

/* Begin PBXFileReference section */
		86E05DC8210B686F00DC0D39 /* Final Project.app */ = {isa = PBXFileReference; explicitFileType = wrapper.application; includeInIndex = 0; path = "Final Project.app"; sourceTree = BUILT_PRODUCTS_DIR; };
		86E05DCB210B686F00DC0D39 /* AppDelegate.swift */ = {isa = PBXFileReference; lastKnownFileType = sourcecode.swift; path = AppDelegate.swift; sourceTree = "<group>"; };
		86E05DCD210B686F00DC0D39 /* ViewController.swift */ = {isa = PBXFileReference; lastKnownFileType = sourcecode.swift; path = ViewController.swift; sourceTree = "<group>"; };
		86E05DD3210B686F00DC0D39 /* Final_Project.xcdatamodel */ = {isa = PBXFileReference; lastKnownFileType = wrapper.xcdatamodel; path = Final_Project.xcdatamodel; sourceTree = "<group>"; };
		86E05DD5210B687000DC0D39 /* Assets.xcassets */ = {isa = PBXFileReference; lastKnownFileType = folder.assetcatalog; path = Assets.xcassets; sourceTree = "<group>"; };
		86E05DDA210B687000DC0D39 /* Info.plist */ = {isa = PBXFileReference; lastKnownFileType = text.plist.xml; path = Info.plist; sourceTree = "<group>"; };
		86E05DDF210B687000DC0D39 /* Final ProjectTests.xctest */ = {isa = PBXFileReference; explicitFileType = wrapper.cfbundle; includeInIndex = 0; path = "Final ProjectTests.xctest"; sourceTree = BUILT_PRODUCTS_DIR; };
		86E05DE3210B687000DC0D39 /* Final_ProjectTests.swift */ = {isa = PBXFileReference; lastKnownFileType = sourcecode.swift; path = Final_ProjectTests.swift; sourceTree = "<group>"; };
		86E05DE5210B687000DC0D39 /* Info.plist */ = {isa = PBXFileReference; lastKnownFileType = text.plist.xml; path = Info.plist; sourceTree = "<group>"; };
		86E05DEA210B687000DC0D39 /* Final ProjectUITests.xctest */ = {isa = PBXFileReference; explicitFileType = wrapper.cfbundle; includeInIndex = 0; path = "Final ProjectUITests.xctest"; sourceTree = BUILT_PRODUCTS_DIR; };
		86E05DEE210B687000DC0D39 /* Final_ProjectUITests.swift */ = {isa = PBXFileReference; lastKnownFileType = sourcecode.swift; path = Final_ProjectUITests.swift; sourceTree = "<group>"; };
		86E05DF0210B687000DC0D39 /* Info.plist */ = {isa = PBXFileReference; lastKnownFileType = text.plist.xml; path = Info.plist; sourceTree = "<group>"; };
		86E05DFC210B68B700DC0D39 /* Main.storyboard */ = {isa = PBXFileReference; fileEncoding = 4; lastKnownFileType = file.storyboard; path = Main.storyboard; sourceTree = "<group>"; };
		86E05DFE210B68CA00DC0D39 /* LaunchScreen.storyboard */ = {isa = PBXFileReference; fileEncoding = 4; lastKnownFileType = file.storyboard; path = LaunchScreen.storyboard; sourceTree = "<group>"; };
/* End PBXFileReference section */

/* Begin PBXFrameworksBuildPhase section */
		86E05DC5210B686F00DC0D39 /* Frameworks */ = {
			isa = PBXFrameworksBuildPhase;
			buildActionMask = 2147483647;
			files = (
			);
			runOnlyForDeploymentPostprocessing = 0;
		};
		86E05DDC210B687000DC0D39 /* Frameworks */ = {
			isa = PBXFrameworksBuildPhase;
			buildActionMask = 2147483647;
			files = (
			);
			runOnlyForDeploymentPostprocessing = 0;
		};
		86E05DE7210B687000DC0D39 /* Frameworks */ = {
			isa = PBXFrameworksBuildPhase;
			buildActionMask = 2147483647;
			files = (
			);
			runOnlyForDeploymentPostprocessing = 0;
		};
/* End PBXFrameworksBuildPhase section */

/* Begin PBXGroup section */
		86E05DBF210B686F00DC0D39 = {
			isa = PBXGroup;
			children = (
				86E05DCA210B686F00DC0D39 /* Final Project */,
				86E05DE2210B687000DC0D39 /* Final ProjectTests */,
				86E05DED210B687000DC0D39 /* Final ProjectUITests */,
				86E05DC9210B686F00DC0D39 /* Products */,
			);
			sourceTree = "<group>";
		};
		86E05DC9210B686F00DC0D39 /* Products */ = {
			isa = PBXGroup;
			children = (
				86E05DC8210B686F00DC0D39 /* Final Project.app */,
				86E05DDF210B687000DC0D39 /* Final ProjectTests.xctest */,
				86E05DEA210B687000DC0D39 /* Final ProjectUITests.xctest */,
			);
			name = Products;
			sourceTree = "<group>";
		};
		86E05DCA210B686F00DC0D39 /* Final Project */ = {
			isa = PBXGroup;
			children = (
				86E05DCB210B686F00DC0D39 /* AppDelegate.swift */,
				86E05DCD210B686F00DC0D39 /* ViewController.swift */,
				86E05DFC210B68B700DC0D39 /* Main.storyboard */,
				86E05DD5210B687000DC0D39 /* Assets.xcassets */,
				86E05DFE210B68CA00DC0D39 /* LaunchScreen.storyboard */,
				86E05DDA210B687000DC0D39 /* Info.plist */,
				86E05DD2210B686F00DC0D39 /* Final_Project.xcdatamodeld */,
			);
			path = "Final Project";
			sourceTree = "<group>";
		};
		86E05DE2210B687000DC0D39 /* Final ProjectTests */ = {
			isa = PBXGroup;
			children = (
				86E05DE3210B687000DC0D39 /* Final_ProjectTests.swift */,
				86E05DE5210B687000DC0D39 /* Info.plist */,
			);
			path = "Final ProjectTests";
			sourceTree = "<group>";
		};
		86E05DED210B687000DC0D39 /* Final ProjectUITests */ = {
			isa = PBXGroup;
			children = (
				86E05DEE210B687000DC0D39 /* Final_ProjectUITests.swift */,
				86E05DF0210B687000DC0D39 /* Info.plist */,
			);
			path = "Final ProjectUITests";
			sourceTree = "<group>";
		};
/* End PBXGroup section */

/* Begin PBXNativeTarget section */
		86E05DC7210B686F00DC0D39 /* Final Project */ = {
			isa = PBXNativeTarget;
			buildConfigurationList = 86E05DF3210B687000DC0D39 /* Build configuration list for PBXNativeTarget "Final Project" */;
			buildPhases = (
				86E05DC4210B686F00DC0D39 /* Sources */,
				86E05DC5210B686F00DC0D39 /* Frameworks */,
				86E05DC6210B686F00DC0D39 /* Resources */,
			);
			buildRules = (
			);
			dependencies = (
			);
			name = "Final Project";
			productName = "Final Project";
			productReference = 86E05DC8210B686F00DC0D39 /* Final Project.app */;
			productType = "com.apple.product-type.application";
		};
		86E05DDE210B687000DC0D39 /* Final ProjectTests */ = {
			isa = PBXNativeTarget;
			buildConfigurationList = 86E05DF6210B687000DC0D39 /* Build configuration list for PBXNativeTarget "Final ProjectTests" */;
			buildPhases = (
				86E05DDB210B687000DC0D39 /* Sources */,
				86E05DDC210B687000DC0D39 /* Frameworks */,
				86E05DDD210B687000DC0D39 /* Resources */,
			);
			buildRules = (
			);
			dependencies = (
				86E05DE1210B687000DC0D39 /* PBXTargetDependency */,
			);
			name = "Final ProjectTests";
			productName = "Final ProjectTests";
			productReference = 86E05DDF210B687000DC0D39 /* Final ProjectTests.xctest */;
			productType = "com.apple.product-type.bundle.unit-test";
		};
		86E05DE9210B687000DC0D39 /* Final ProjectUITests */ = {
			isa = PBXNativeTarget;
			buildConfigurationList = 86E05DF9210B687000DC0D39 /* Build configuration list for PBXNativeTarget "Final ProjectUITests" */;
			buildPhases = (
				86E05DE6210B687000DC0D39 /* Sources */,
				86E05DE7210B687000DC0D39 /* Frameworks */,
				86E05DE8210B687000DC0D39 /* Resources */,
			);
			buildRules = (
			);
			dependencies = (
				86E05DEC210B687000DC0D39 /* PBXTargetDependency */,
			);
			name = "Final ProjectUITests";
			productName = "Final ProjectUITests";
			productReference = 86E05DEA210B687000DC0D39 /* Final ProjectUITests.xctest */;
			productType = "com.apple.product-type.bundle.ui-testing";
		};
/* End PBXNativeTarget section */

/* Begin PBXProject section */
		86E05DC0210B686F00DC0D39 /* Project object */ = {
			isa = PBXProject;
			attributes = {
				LastSwiftUpdateCheck = 0940;
				LastUpgradeCheck = 0940;
				ORGANIZATIONNAME = "Kennley Villa";
				TargetAttributes = {
					86E05DC7210B686F00DC0D39 = {
						CreatedOnToolsVersion = 9.4.1;
					};
					86E05DDE210B687000DC0D39 = {
						CreatedOnToolsVersion = 9.4.1;
						TestTargetID = 86E05DC7210B686F00DC0D39;
					};
					86E05DE9210B687000DC0D39 = {
						CreatedOnToolsVersion = 9.4.1;
						TestTargetID = 86E05DC7210B686F00DC0D39;
					};
				};
			};
			buildConfigurationList = 86E05DC3210B686F00DC0D39 /* Build configuration list for PBXProject "Final Project" */;
			compatibilityVersion = "Xcode 9.3";
			developmentRegion = en;
			hasScannedForEncodings = 0;
			knownRegions = (
				en,
				Base,
			);
			mainGroup = 86E05DBF210B686F00DC0D39;
			productRefGroup = 86E05DC9210B686F00DC0D39 /* Products */;
			projectDirPath = "";
			projectRoot = "";
			targets = (
				86E05DC7210B686F00DC0D39 /* Final Project */,
				86E05DDE210B687000DC0D39 /* Final ProjectTests */,
				86E05DE9210B687000DC0D39 /* Final ProjectUITests */,
			);
		};
/* End PBXProject section */

/* Begin PBXResourcesBuildPhase section */
		86E05DC6210B686F00DC0D39 /* Resources */ = {
			isa = PBXResourcesBuildPhase;
			buildActionMask = 2147483647;
			files = (
				86E05DFF210B68CA00DC0D39 /* LaunchScreen.storyboard in Resources */,
				86E05DFD210B68B700DC0D39 /* Main.storyboard in Resources */,
				86E05DD6210B687000DC0D39 /* Assets.xcassets in Resources */,
			);
			runOnlyForDeploymentPostprocessing = 0;
		};
		86E05DDD210B687000DC0D39 /* Resources */ = {
			isa = PBXResourcesBuildPhase;
			buildActionMask = 2147483647;
			files = (
			);
			runOnlyForDeploymentPostprocessing = 0;
		};
		86E05DE8210B687000DC0D39 /* Resources */ = {
			isa = PBXResourcesBuildPhase;
			buildActionMask = 2147483647;
			files = (
			);
			runOnlyForDeploymentPostprocessing = 0;
		};
/* End PBXResourcesBuildPhase section */

/* Begin PBXSourcesBuildPhase section */
		86E05DC4210B686F00DC0D39 /* Sources */ = {
			isa = PBXSourcesBuildPhase;
			buildActionMask = 2147483647;
			files = (
				86E05DD4210B686F00DC0D39 /* Final_Project.xcdatamodeld in Sources */,
				86E05DCE210B686F00DC0D39 /* ViewController.swift in Sources */,
				86E05DCC210B686F00DC0D39 /* AppDelegate.swift in Sources */,
			);
			runOnlyForDeploymentPostprocessing = 0;
		};
		86E05DDB210B687000DC0D39 /* Sources */ = {
			isa = PBXSourcesBuildPhase;
			buildActionMask = 2147483647;
			files = (
				86E05DE4210B687000DC0D39 /* Final_ProjectTests.swift in Sources */,
			);
			runOnlyForDeploymentPostprocessing = 0;
		};
		86E05DE6210B687000DC0D39 /* Sources */ = {
			isa = PBXSourcesBuildPhase;
			buildActionMask = 2147483647;
			files = (
				86E05DEF210B687000DC0D39 /* Final_ProjectUITests.swift in Sources */,
			);
			runOnlyForDeploymentPostprocessing = 0;
		};
/* End PBXSourcesBuildPhase section */

/* Begin PBXTargetDependency section */
		86E05DE1210B687000DC0D39 /* PBXTargetDependency */ = {
			isa = PBXTargetDependency;
			target = 86E05DC7210B686F00DC0D39 /* Final Project */;
			targetProxy = 86E05DE0210B687000DC0D39 /* PBXContainerItemProxy */;
		};
		86E05DEC210B687000DC0D39 /* PBXTargetDependency */ = {
			isa = PBXTargetDependency;
			target = 86E05DC7210B686F00DC0D39 /* Final Project */;
			targetProxy = 86E05DEB210B687000DC0D39 /* PBXContainerItemProxy */;
		};
/* End PBXTargetDependency section */

/* Begin XCBuildConfiguration section */
		86E05DF1210B687000DC0D39 /* Debug */ = {
			isa = XCBuildConfiguration;
			buildSettings = {
				ALWAYS_SEARCH_USER_PATHS = NO;
				CLANG_ANALYZER_NONNULL = YES;
				CLANG_ANALYZER_NUMBER_OBJECT_CONVERSION = YES_AGGRESSIVE;
				CLANG_CXX_LANGUAGE_STANDARD = "gnu++14";
				CLANG_CXX_LIBRARY = "libc++";
				CLANG_ENABLE_MODULES = YES;
				CLANG_ENABLE_OBJC_ARC = YES;
				CLANG_ENABLE_OBJC_WEAK = YES;
				CLANG_WARN_BLOCK_CAPTURE_AUTORELEASING = YES;
				CLANG_WARN_BOOL_CONVERSION = YES;
				CLANG_WARN_COMMA = YES;
				CLANG_WARN_CONSTANT_CONVERSION = YES;
				CLANG_WARN_DEPRECATED_OBJC_IMPLEMENTATIONS = YES;
				CLANG_WARN_DIRECT_OBJC_ISA_USAGE = YES_ERROR;
				CLANG_WARN_DOCUMENTATION_COMMENTS = YES;
				CLANG_WARN_EMPTY_BODY = YES;
				CLANG_WARN_ENUM_CONVERSION = YES;
				CLANG_WARN_INFINITE_RECURSION = YES;
				CLANG_WARN_INT_CONVERSION = YES;
				CLANG_WARN_NON_LITERAL_NULL_CONVERSION = YES;
				CLANG_WARN_OBJC_IMPLICIT_RETAIN_SELF = YES;
				CLANG_WARN_OBJC_LITERAL_CONVERSION = YES;
				CLANG_WARN_OBJC_ROOT_CLASS = YES_ERROR;
				CLANG_WARN_RANGE_LOOP_ANALYSIS = YES;
				CLANG_WARN_STRICT_PROTOTYPES = YES;
				CLANG_WARN_SUSPICIOUS_MOVE = YES;
				CLANG_WARN_UNGUARDED_AVAILABILITY = YES_AGGRESSIVE;
				CLANG_WARN_UNREACHABLE_CODE = YES;
				CLANG_WARN__DUPLICATE_METHOD_MATCH = YES;
				CODE_SIGN_IDENTITY = "iPhone Developer";
				COPY_PHASE_STRIP = NO;
				DEBUG_INFORMATION_FORMAT = dwarf;
				ENABLE_STRICT_OBJC_MSGSEND = YES;
				ENABLE_TESTABILITY = YES;
				GCC_C_LANGUAGE_STANDARD = gnu11;
				GCC_DYNAMIC_NO_PIC = NO;
				GCC_NO_COMMON_BLOCKS = YES;
				GCC_OPTIMIZATION_LEVEL = 0;
				GCC_PREPROCESSOR_DEFINITIONS = (
					"DEBUG=1",
					"$(inherited)",
				);
				GCC_WARN_64_TO_32_BIT_CONVERSION = YES;
				GCC_WARN_ABOUT_RETURN_TYPE = YES_ERROR;
				GCC_WARN_UNDECLARED_SELECTOR = YES;
				GCC_WARN_UNINITIALIZED_AUTOS = YES_AGGRESSIVE;
				GCC_WARN_UNUSED_FUNCTION = YES;
				GCC_WARN_UNUSED_VARIABLE = YES;
				IPHONEOS_DEPLOYMENT_TARGET = 11.4;
				MTL_ENABLE_DEBUG_INFO = YES;
				ONLY_ACTIVE_ARCH = YES;
				SDKROOT = iphoneos;
				SWIFT_ACTIVE_COMPILATION_CONDITIONS = DEBUG;
				SWIFT_OPTIMIZATION_LEVEL = "-Onone";
			};
			name = Debug;
		};
		86E05DF2210B687000DC0D39 /* Release */ = {
			isa = XCBuildConfiguration;
			buildSettings = {
				ALWAYS_SEARCH_USER_PATHS = NO;
				CLANG_ANALYZER_NONNULL = YES;
				CLANG_ANALYZER_NUMBER_OBJECT_CONVERSION = YES_AGGRESSIVE;
				CLANG_CXX_LANGUAGE_STANDARD = "gnu++14";
				CLANG_CXX_LIBRARY = "libc++";
				CLANG_ENABLE_MODULES = YES;
				CLANG_ENABLE_OBJC_ARC = YES;
				CLANG_ENABLE_OBJC_WEAK = YES;
				CLANG_WARN_BLOCK_CAPTURE_AUTORELEASING = YES;
				CLANG_WARN_BOOL_CONVERSION = YES;
				CLANG_WARN_COMMA = YES;
				CLANG_WARN_CONSTANT_CONVERSION = YES;
				CLANG_WARN_DEPRECATED_OBJC_IMPLEMENTATIONS = YES;
				CLANG_WARN_DIRECT_OBJC_ISA_USAGE = YES_ERROR;
				CLANG_WARN_DOCUMENTATION_COMMENTS = YES;
				CLANG_WARN_EMPTY_BODY = YES;
				CLANG_WARN_ENUM_CONVERSION = YES;
				CLANG_WARN_INFINITE_RECURSION = YES;
				CLANG_WARN_INT_CONVERSION = YES;
				CLANG_WARN_NON_LITERAL_NULL_CONVERSION = YES;
				CLANG_WARN_OBJC_IMPLICIT_RETAIN_SELF = YES;
				CLANG_WARN_OBJC_LITERAL_CONVERSION = YES;
				CLANG_WARN_OBJC_ROOT_CLASS = YES_ERROR;
				CLANG_WARN_RANGE_LOOP_ANALYSIS = YES;
				CLANG_WARN_STRICT_PROTOTYPES = YES;
				CLANG_WARN_SUSPICIOUS_MOVE = YES;
				CLANG_WARN_UNGUARDED_AVAILABILITY = YES_AGGRESSIVE;
				CLANG_WARN_UNREACHABLE_CODE = YES;
				CLANG_WARN__DUPLICATE_METHOD_MATCH = YES;
				CODE_SIGN_IDENTITY = "iPhone Developer";
				COPY_PHASE_STRIP = NO;
				DEBUG_INFORMATION_FORMAT = "dwarf-with-dsym";
				ENABLE_NS_ASSERTIONS = NO;
				ENABLE_STRICT_OBJC_MSGSEND = YES;
				GCC_C_LANGUAGE_STANDARD = gnu11;
				GCC_NO_COMMON_BLOCKS = YES;
				GCC_WARN_64_TO_32_BIT_CONVERSION = YES;
				GCC_WARN_ABOUT_RETURN_TYPE = YES_ERROR;
				GCC_WARN_UNDECLARED_SELECTOR = YES;
				GCC_WARN_UNINITIALIZED_AUTOS = YES_AGGRESSIVE;
				GCC_WARN_UNUSED_FUNCTION = YES;
				GCC_WARN_UNUSED_VARIABLE = YES;
				IPHONEOS_DEPLOYMENT_TARGET = 11.4;
				MTL_ENABLE_DEBUG_INFO = NO;
				SDKROOT = iphoneos;
				SWIFT_COMPILATION_MODE = wholemodule;
				SWIFT_OPTIMIZATION_LEVEL = "-O";
				VALIDATE_PRODUCT = YES;
			};
			name = Release;
		};
		86E05DF4210B687000DC0D39 /* Debug */ = {
			isa = XCBuildConfiguration;
			buildSettings = {
				ASSETCATALOG_COMPILER_APPICON_NAME = AppIcon;
				CODE_SIGN_STYLE = Automatic;
				DEVELOPMENT_TEAM = Y6AJHZT447;
				INFOPLIST_FILE = "Final Project/Info.plist";
				LD_RUNPATH_SEARCH_PATHS = (
					"$(inherited)",
					"@executable_path/Frameworks",
				);
				PRODUCT_BUNDLE_IDENTIFIER = "KennleyVilla.Final-Project";
				PRODUCT_NAME = "$(TARGET_NAME)";
				SWIFT_VERSION = 4.0;
				TARGETED_DEVICE_FAMILY = "1,2";
			};
			name = Debug;
		};
		86E05DF5210B687000DC0D39 /* Release */ = {
			isa = XCBuildConfiguration;
			buildSettings = {
				ASSETCATALOG_COMPILER_APPICON_NAME = AppIcon;
				CODE_SIGN_STYLE = Automatic;
				DEVELOPMENT_TEAM = Y6AJHZT447;
				INFOPLIST_FILE = "Final Project/Info.plist";
				LD_RUNPATH_SEARCH_PATHS = (
					"$(inherited)",
					"@executable_path/Frameworks",
				);
				PRODUCT_BUNDLE_IDENTIFIER = "KennleyVilla.Final-Project";
				PRODUCT_NAME = "$(TARGET_NAME)";
				SWIFT_VERSION = 4.0;
				TARGETED_DEVICE_FAMILY = "1,2";
			};
			name = Release;
		};
		86E05DF7210B687000DC0D39 /* Debug */ = {
			isa = XCBuildConfiguration;
			buildSettings = {
				ALWAYS_EMBED_SWIFT_STANDARD_LIBRARIES = YES;
				BUNDLE_LOADER = "$(TEST_HOST)";
				CODE_SIGN_STYLE = Automatic;
				DEVELOPMENT_TEAM = Y6AJHZT447;
				INFOPLIST_FILE = "Final ProjectTests/Info.plist";
				LD_RUNPATH_SEARCH_PATHS = (
					"$(inherited)",
					"@executable_path/Frameworks",
					"@loader_path/Frameworks",
				);
				PRODUCT_BUNDLE_IDENTIFIER = "KennleyVilla.Final-ProjectTests";
				PRODUCT_NAME = "$(TARGET_NAME)";
				SWIFT_VERSION = 4.0;
				TARGETED_DEVICE_FAMILY = "1,2";
				TEST_HOST = "$(BUILT_PRODUCTS_DIR)/Final Project.app/Final Project";
			};
			name = Debug;
		};
		86E05DF8210B687000DC0D39 /* Release */ = {
			isa = XCBuildConfiguration;
			buildSettings = {
				ALWAYS_EMBED_SWIFT_STANDARD_LIBRARIES = YES;
				BUNDLE_LOADER = "$(TEST_HOST)";
				CODE_SIGN_STYLE = Automatic;
				DEVELOPMENT_TEAM = Y6AJHZT447;
				INFOPLIST_FILE = "Final ProjectTests/Info.plist";
				LD_RUNPATH_SEARCH_PATHS = (
					"$(inherited)",
					"@executable_path/Frameworks",
					"@loader_path/Frameworks",
				);
				PRODUCT_BUNDLE_IDENTIFIER = "KennleyVilla.Final-ProjectTests";
				PRODUCT_NAME = "$(TARGET_NAME)";
				SWIFT_VERSION = 4.0;
				TARGETED_DEVICE_FAMILY = "1,2";
				TEST_HOST = "$(BUILT_PRODUCTS_DIR)/Final Project.app/Final Project";
			};
			name = Release;
		};
		86E05DFA210B687000DC0D39 /* Debug */ = {
			isa = XCBuildConfiguration;
			buildSettings = {
				ALWAYS_EMBED_SWIFT_STANDARD_LIBRARIES = YES;
				CODE_SIGN_STYLE = Automatic;
				DEVELOPMENT_TEAM = Y6AJHZT447;
				INFOPLIST_FILE = "Final ProjectUITests/Info.plist";
				LD_RUNPATH_SEARCH_PATHS = (
					"$(inherited)",
					"@executable_path/Frameworks",
					"@loader_path/Frameworks",
				);
				PRODUCT_BUNDLE_IDENTIFIER = "KennleyVilla.Final-ProjectUITests";
				PRODUCT_NAME = "$(TARGET_NAME)";
				SWIFT_VERSION = 4.0;
				TARGETED_DEVICE_FAMILY = "1,2";
				TEST_TARGET_NAME = "Final Project";
			};
			name = Debug;
		};
		86E05DFB210B687000DC0D39 /* Release */ = {
			isa = XCBuildConfiguration;
			buildSettings = {
				ALWAYS_EMBED_SWIFT_STANDARD_LIBRARIES = YES;
				CODE_SIGN_STYLE = Automatic;
				DEVELOPMENT_TEAM = Y6AJHZT447;
				INFOPLIST_FILE = "Final ProjectUITests/Info.plist";
				LD_RUNPATH_SEARCH_PATHS = (
					"$(inherited)",
					"@executable_path/Frameworks",
					"@loader_path/Frameworks",
				);
				PRODUCT_BUNDLE_IDENTIFIER = "KennleyVilla.Final-ProjectUITests";
				PRODUCT_NAME = "$(TARGET_NAME)";
				SWIFT_VERSION = 4.0;
				TARGETED_DEVICE_FAMILY = "1,2";
				TEST_TARGET_NAME = "Final Project";
			};
			name = Release;
		};
/* End XCBuildConfiguration section */

/* Begin XCConfigurationList section */
		86E05DC3210B686F00DC0D39 /* Build configuration list for PBXProject "Final Project" */ = {
			isa = XCConfigurationList;
			buildConfigurations = (
				86E05DF1210B687000DC0D39 /* Debug */,
				86E05DF2210B687000DC0D39 /* Release */,
			);
			defaultConfigurationIsVisible = 0;
			defaultConfigurationName = Release;
		};
		86E05DF3210B687000DC0D39 /* Build configuration list for PBXNativeTarget "Final Project" */ = {
			isa = XCConfigurationList;
			buildConfigurations = (
				86E05DF4210B687000DC0D39 /* Debug */,
				86E05DF5210B687000DC0D39 /* Release */,
			);
			defaultConfigurationIsVisible = 0;
			defaultConfigurationName = Release;
		};
		86E05DF6210B687000DC0D39 /* Build configuration list for PBXNativeTarget "Final ProjectTests" */ = {
			isa = XCConfigurationList;
			buildConfigurations = (
				86E05DF7210B687000DC0D39 /* Debug */,
				86E05DF8210B687000DC0D39 /* Release */,
			);
			defaultConfigurationIsVisible = 0;
			defaultConfigurationName = Release;
		};
		86E05DF9210B687000DC0D39 /* Build configuration list for PBXNativeTarget "Final ProjectUITests" */ = {
			isa = XCConfigurationList;
			buildConfigurations = (
				86E05DFA210B687000DC0D39 /* Debug */,
				86E05DFB210B687000DC0D39 /* Release */,
			);
			defaultConfigurationIsVisible = 0;
			defaultConfigurationName = Release;
		};
/* End XCConfigurationList section */

/* Begin XCVersionGroup section */
		86E05DD2210B686F00DC0D39 /* Final_Project.xcdatamodeld */ = {
			isa = XCVersionGroup;
			children = (
				86E05DD3210B686F00DC0D39 /* Final_Project.xcdatamodel */,
			);
			currentVersion = 86E05DD3210B686F00DC0D39 /* Final_Project.xcdatamodel */;
			path = Final_Project.xcdatamodeld;
			sourceTree = "<group>";
			versionGroupType = wrapper.xcdatamodel;
		};
/* End XCVersionGroup section */
	};
	rootObject = 86E05DC0210B686F00DC0D39 /* Project object */;
}
